schema: '2.0'
stages:
  primary_source_check:
    cmd: python stages/00_external_dependency.py
    outs:
    - path: download/data-links.txt
      hash: md5
      md5: 605b8cc26244681afec7a73e3f29aecd
      size: 1327
  download:
    cmd: python stages/01_download.py
    deps:
    - path: stages/01_download.py
      hash: md5
      md5: e9a9ef4ea23483642d5e50858859a398
      size: 2165
    outs:
    - path: download/01_download
      hash: md5
      md5: 55df3722fda5501cd1e67540bc721895.dir
      size: 2094598451
      nfiles: 14
  process:
    cmd: python stages/02_convert.py
    deps:
    - path: download/01_download
      hash: md5
      md5: 55df3722fda5501cd1e67540bc721895.dir
      size: 2094598451
      nfiles: 14
    - path: stages/02_convert.py
      hash: md5
      md5: 2c95019829b8d7dc0f15f57ce0cd8914
      size: 819
    outs:
    - path: brick
      hash: md5
      md5: db537d30884a70e20c1cb5e2115c9d15.dir
      size: 2081834444
      nfiles: 14
